
Microsoft Visual Studio Solution File, Format Version 12.00
# Visual Studio Version 16
VisualStudioVersion = 16.0.30523.141
MinimumVisualStudioVersion = 10.0.40219.1
Project("{FAE04EC0-301F-11D3-BF4B-00C04F79EFBC}") = "Kursach", "Kursach\Kursach.csproj", "{784F5164-FA34-4723-B3CE-D58772026865}"
EndProject
Global
	GlobalSection(SolutionConfigurationPlatforms) = preSolution
		Debug|Any CPU = Debug|Any CPU
		Release|Any CPU = Release|Any CPU
	EndGlobalSection
	GlobalSection(ProjectConfigurationPlatforms) = postSolution
		{784F5164-FA34-4723-B3CE-D58772026865}.Debug|Any CPU.ActiveCfg = Debug|Any CPU
		{784F5164-FA34-4723-B3CE-D58772026865}.Debug|Any CPU.Build.0 = Debug|Any CPU
		{784F5164-FA34-4723-B3CE-D58772026865}.Release|Any CPU.ActiveCfg = Release|Any CPU
		{784F5164-FA34-4723-B3CE-D58772026865}.Release|Any CPU.Build.0 = Release|Any CPU
	EndGlobalSection
	GlobalSection(SolutionProperties) = preSolution
		HideSolutionNode = FALSE
	EndGlobalSection
	GlobalSection(ExtensibilityGlobals) = postSolution
		SolutionGuid = {C3D6D794-C53B-446C-9877-6397442F6433}
	EndGlobalSection
EndGlobal
